// !$*UTF8*$!
{
	archiveVersion = 1;
	classes = {
	};
	objectVersion = 50;
	objects = {

/* Begin PBXBuildFile section */
		1B1A99DB2F05567FCF60089C /* Pods_socketiOSTests.framework in Frameworks */ = {isa = PBXBuildFile; fileRef = C2BFA7C1491BA08044D5075B /* Pods_socketiOSTests.framework */; };
		436286493738630FC8EBF421 /* Pods_socketiOS.framework in Frameworks */ = {isa = PBXBuildFile; fileRef = C38BE8C9EB2E74CE599D8483 /* Pods_socketiOS.framework */; };
		656B6CAE20C68D270032EA99 /* AppDelegate.swift in Sources */ = {isa = PBXBuildFile; fileRef = 656B6CAD20C68D270032EA99 /* AppDelegate.swift */; };
		656B6CB020C68D270032EA99 /* LogInViewController.swift in Sources */ = {isa = PBXBuildFile; fileRef = 656B6CAF20C68D270032EA99 /* LogInViewController.swift */; };
		656B6CB320C68D270032EA99 /* Main.storyboard in Resources */ = {isa = PBXBuildFile; fileRef = 656B6CB120C68D270032EA99 /* Main.storyboard */; };
		656B6CB520C68D280032EA99 /* Assets.xcassets in Resources */ = {isa = PBXBuildFile; fileRef = 656B6CB420C68D280032EA99 /* Assets.xcassets */; };
		656B6CB820C68D280032EA99 /* LaunchScreen.storyboard in Resources */ = {isa = PBXBuildFile; fileRef = 656B6CB620C68D280032EA99 /* LaunchScreen.storyboard */; };
		656B6CC320C68D280032EA99 /* socketiOSTests.swift in Sources */ = {isa = PBXBuildFile; fileRef = 656B6CC220C68D280032EA99 /* socketiOSTests.swift */; };
		656B6CCE20C6901B0032EA99 /* ChatRoomHandler.swift in Sources */ = {isa = PBXBuildFile; fileRef = 656B6CCD20C6901B0032EA99 /* ChatRoomHandler.swift */; };
		65797E1C20C7E78C00140414 /* serverCommand.swift in Sources */ = {isa = PBXBuildFile; fileRef = 65797E1B20C7E78C00140414 /* serverCommand.swift */; };
		65797E1E20C7E89100140414 /* messageChat.swift in Sources */ = {isa = PBXBuildFile; fileRef = 65797E1D20C7E89100140414 /* messageChat.swift */; };
/* End PBXBuildFile section */

/* Begin PBXContainerItemProxy section */
		656B6CBF20C68D280032EA99 /* PBXContainerItemProxy */ = {
			isa = PBXContainerItemProxy;
			containerPortal = 656B6CA220C68D260032EA99 /* Project object */;
			proxyType = 1;
			remoteGlobalIDString = 656B6CA920C68D260032EA99;
			remoteInfo = socketiOS;
		};
/* End PBXContainerItemProxy section */

/* Begin PBXFileReference section */
		52BF671251695EDFC70F814F /* Pods-socketiOS.release.xcconfig */ = {isa = PBXFileReference; includeInIndex = 1; lastKnownFileType = text.xcconfig; name = "Pods-socketiOS.release.xcconfig"; path = "Pods/Target Support Files/Pods-socketiOS/Pods-socketiOS.release.xcconfig"; sourceTree = "<group>"; };
		656B6CAA20C68D270032EA99 /* DLSocketSimplyiOS.app */ = {isa = PBXFileReference; explicitFileType = wrapper.application; includeInIndex = 0; path = DLSocketSimplyiOS.app; sourceTree = BUILT_PRODUCTS_DIR; };
		656B6CAD20C68D270032EA99 /* AppDelegate.swift */ = {isa = PBXFileReference; lastKnownFileType = sourcecode.swift; path = AppDelegate.swift; sourceTree = "<group>"; };
		656B6CAF20C68D270032EA99 /* LogInViewController.swift */ = {isa = PBXFileReference; lastKnownFileType = sourcecode.swift; path = LogInViewController.swift; sourceTree = "<group>"; };
		656B6CB220C68D270032EA99 /* Base */ = {isa = PBXFileReference; lastKnownFileType = file.storyboard; name = Base; path = Base.lproj/Main.storyboard; sourceTree = "<group>"; };
		656B6CB420C68D280032EA99 /* Assets.xcassets */ = {isa = PBXFileReference; lastKnownFileType = folder.assetcatalog; path = Assets.xcassets; sourceTree = "<group>"; };
		656B6CB720C68D280032EA99 /* Base */ = {isa = PBXFileReference; lastKnownFileType = file.storyboard; name = Base; path = Base.lproj/LaunchScreen.storyboard; sourceTree = "<group>"; };
		656B6CB920C68D280032EA99 /* Info.plist */ = {isa = PBXFileReference; lastKnownFileType = text.plist.xml; path = Info.plist; sourceTree = "<group>"; };
		656B6CBE20C68D280032EA99 /* DLSocketSimplyiOSTests.xctest */ = {isa = PBXFileReference; explicitFileType = wrapper.cfbundle; includeInIndex = 0; path = DLSocketSimplyiOSTests.xctest; sourceTree = BUILT_PRODUCTS_DIR; };
		656B6CC220C68D280032EA99 /* socketiOSTests.swift */ = {isa = PBXFileReference; lastKnownFileType = sourcecode.swift; path = socketiOSTests.swift; sourceTree = "<group>"; };
		656B6CC420C68D280032EA99 /* Info.plist */ = {isa = PBXFileReference; lastKnownFileType = text.plist.xml; path = Info.plist; sourceTree = "<group>"; };
		656B6CCD20C6901B0032EA99 /* ChatRoomHandler.swift */ = {isa = PBXFileReference; lastKnownFileType = sourcecode.swift; path = ChatRoomHandler.swift; sourceTree = "<group>"; };
		65797E1B20C7E78C00140414 /* serverCommand.swift */ = {isa = PBXFileReference; lastKnownFileType = sourcecode.swift; path = serverCommand.swift; sourceTree = "<group>"; };
		65797E1D20C7E89100140414 /* messageChat.swift */ = {isa = PBXFileReference; lastKnownFileType = sourcecode.swift; path = messageChat.swift; sourceTree = "<group>"; };
		881A6E96987FE2F458FFA4F1 /* Pods-socketiOSTests.debug.xcconfig */ = {isa = PBXFileReference; includeInIndex = 1; lastKnownFileType = text.xcconfig; name = "Pods-socketiOSTests.debug.xcconfig"; path = "Pods/Target Support Files/Pods-socketiOSTests/Pods-socketiOSTests.debug.xcconfig"; sourceTree = "<group>"; };
		C2BFA7C1491BA08044D5075B /* Pods_socketiOSTests.framework */ = {isa = PBXFileReference; explicitFileType = wrapper.framework; includeInIndex = 0; path = Pods_socketiOSTests.framework; sourceTree = BUILT_PRODUCTS_DIR; };
		C38BE8C9EB2E74CE599D8483 /* Pods_socketiOS.framework */ = {isa = PBXFileReference; explicitFileType = wrapper.framework; includeInIndex = 0; path = Pods_socketiOS.framework; sourceTree = BUILT_PRODUCTS_DIR; };
		C48A6B008C88C7A98562C536 /* Pods-socketiOSTests.release.xcconfig */ = {isa = PBXFileReference; includeInIndex = 1; lastKnownFileType = text.xcconfig; name = "Pods-socketiOSTests.release.xcconfig"; path = "Pods/Target Support Files/Pods-socketiOSTests/Pods-socketiOSTests.release.xcconfig"; sourceTree = "<group>"; };
		CA063B7E5FF833B381274CFE /* Pods-socketiOS.debug.xcconfig */ = {isa = PBXFileReference; includeInIndex = 1; lastKnownFileType = text.xcconfig; name = "Pods-socketiOS.debug.xcconfig"; path = "Pods/Target Support Files/Pods-socketiOS/Pods-socketiOS.debug.xcconfig"; sourceTree = "<group>"; };
/* End PBXFileReference section */

/* Begin PBXFrameworksBuildPhase section */
		656B6CA720C68D260032EA99 /* Frameworks */ = {
			isa = PBXFrameworksBuildPhase;
			buildActionMask = 2147483647;
			files = (
				436286493738630FC8EBF421 /* Pods_socketiOS.framework in Frameworks */,
			);
			runOnlyForDeploymentPostprocessing = 0;
		};
		656B6CBB20C68D280032EA99 /* Frameworks */ = {
			isa = PBXFrameworksBuildPhase;
			buildActionMask = 2147483647;
			files = (
				1B1A99DB2F05567FCF60089C /* Pods_socketiOSTests.framework in Frameworks */,
			);
			runOnlyForDeploymentPostprocessing = 0;
		};
/* End PBXFrameworksBuildPhase section */

/* Begin PBXGroup section */
		656B6CA120C68D260032EA99 = {
			isa = PBXGroup;
			children = (
				656B6CAC20C68D270032EA99 /* socketiOS */,
				656B6CC120C68D280032EA99 /* socketiOSTests */,
				656B6CAB20C68D270032EA99 /* Products */,
				8EA69669CCC230461EDEBA36 /* Pods */,
				9BD0E9360589A6F50F6A4D5B /* Frameworks */,
			);
			sourceTree = "<group>";
		};
		656B6CAB20C68D270032EA99 /* Products */ = {
			isa = PBXGroup;
			children = (
				656B6CAA20C68D270032EA99 /* DLSocketSimplyiOS.app */,
				656B6CBE20C68D280032EA99 /* DLSocketSimplyiOSTests.xctest */,
			);
			name = Products;
			sourceTree = "<group>";
		};
		656B6CAC20C68D270032EA99 /* socketiOS */ = {
			isa = PBXGroup;
			children = (
				65797E1A20C7E76B00140414 /* Auxiliary clases */,
				656B6CAD20C68D270032EA99 /* AppDelegate.swift */,
				656B6CAF20C68D270032EA99 /* LogInViewController.swift */,
				656B6CCD20C6901B0032EA99 /* ChatRoomHandler.swift */,
				656B6CB120C68D270032EA99 /* Main.storyboard */,
				656B6CB420C68D280032EA99 /* Assets.xcassets */,
				656B6CB620C68D280032EA99 /* LaunchScreen.storyboard */,
				656B6CB920C68D280032EA99 /* Info.plist */,
			);
			path = socketiOS;
			sourceTree = "<group>";
		};
		656B6CC120C68D280032EA99 /* socketiOSTests */ = {
			isa = PBXGroup;
			children = (
				656B6CC220C68D280032EA99 /* socketiOSTests.swift */,
				656B6CC420C68D280032EA99 /* Info.plist */,
			);
			path = socketiOSTests;
			sourceTree = "<group>";
		};
		65797E1A20C7E76B00140414 /* Auxiliary clases */ = {
			isa = PBXGroup;
			children = (
				65797E1B20C7E78C00140414 /* serverCommand.swift */,
				65797E1D20C7E89100140414 /* messageChat.swift */,
			);
			path = "Auxiliary clases";
			sourceTree = "<group>";
		};
		8EA69669CCC230461EDEBA36 /* Pods */ = {
			isa = PBXGroup;
			children = (
				CA063B7E5FF833B381274CFE /* Pods-socketiOS.debug.xcconfig */,
				52BF671251695EDFC70F814F /* Pods-socketiOS.release.xcconfig */,
				881A6E96987FE2F458FFA4F1 /* Pods-socketiOSTests.debug.xcconfig */,
				C48A6B008C88C7A98562C536 /* Pods-socketiOSTests.release.xcconfig */,
			);
			name = Pods;
			sourceTree = "<group>";
		};
		9BD0E9360589A6F50F6A4D5B /* Frameworks */ = {
			isa = PBXGroup;
			children = (
				C38BE8C9EB2E74CE599D8483 /* Pods_socketiOS.framework */,
				C2BFA7C1491BA08044D5075B /* Pods_socketiOSTests.framework */,
			);
			name = Frameworks;
			sourceTree = "<group>";
		};
/* End PBXGroup section */

/* Begin PBXNativeTarget section */
		656B6CA920C68D260032EA99 /* DLSocketSimplyiOS */ = {
			isa = PBXNativeTarget;
			buildConfigurationList = 656B6CC720C68D280032EA99 /* Build configuration list for PBXNativeTarget "DLSocketSimplyiOS" */;
			buildPhases = (
				E475F5F7D5B9A5C95C433AB9 /* [CP] Check Pods Manifest.lock */,
				656B6CA620C68D260032EA99 /* Sources */,
				656B6CA720C68D260032EA99 /* Frameworks */,
				656B6CA820C68D260032EA99 /* Resources */,
				188C4CD54D7889FB6E2447FB /* [CP] Embed Pods Frameworks */,
			);
			buildRules = (
			);
			dependencies = (
			);
			name = DLSocketSimplyiOS;
			productName = socketiOS;
			productReference = 656B6CAA20C68D270032EA99 /* DLSocketSimplyiOS.app */;
			productType = "com.apple.product-type.application";
		};
		656B6CBD20C68D280032EA99 /* DLSocketSimplyiOSTests */ = {
			isa = PBXNativeTarget;
			buildConfigurationList = 656B6CCA20C68D280032EA99 /* Build configuration list for PBXNativeTarget "DLSocketSimplyiOSTests" */;
			buildPhases = (
				0F3F895117CF51568FDA18FB /* [CP] Check Pods Manifest.lock */,
				656B6CBA20C68D280032EA99 /* Sources */,
				656B6CBB20C68D280032EA99 /* Frameworks */,
				656B6CBC20C68D280032EA99 /* Resources */,
			);
			buildRules = (
			);
			dependencies = (
				656B6CC020C68D280032EA99 /* PBXTargetDependency */,
			);
			name = DLSocketSimplyiOSTests;
			productName = socketiOSTests;
			productReference = 656B6CBE20C68D280032EA99 /* DLSocketSimplyiOSTests.xctest */;
			productType = "com.apple.product-type.bundle.unit-test";
		};
/* End PBXNativeTarget section */

/* Begin PBXProject section */
		656B6CA220C68D260032EA99 /* Project object */ = {
			isa = PBXProject;
			attributes = {
				LastSwiftUpdateCheck = 0940;
				LastUpgradeCheck = 0940;
				ORGANIZATIONNAME = "Daniel Lahoz";
				TargetAttributes = {
					656B6CA920C68D260032EA99 = {
						CreatedOnToolsVersion = 9.4;
					};
					656B6CBD20C68D280032EA99 = {
						CreatedOnToolsVersion = 9.4;
						TestTargetID = 656B6CA920C68D260032EA99;
					};
				};
			};
			buildConfigurationList = 656B6CA520C68D260032EA99 /* Build configuration list for PBXProject "DLSocketSimplyiOS" */;
			compatibilityVersion = "Xcode 9.3";
			developmentRegion = en;
			hasScannedForEncodings = 0;
			knownRegions = (
				en,
				Base,
			);
			mainGroup = 656B6CA120C68D260032EA99;
			productRefGroup = 656B6CAB20C68D270032EA99 /* Products */;
			projectDirPath = "";
			projectRoot = "";
			targets = (
				656B6CA920C68D260032EA99 /* DLSocketSimplyiOS */,
				656B6CBD20C68D280032EA99 /* DLSocketSimplyiOSTests */,
			);
		};
/* End PBXProject section */

/* Begin PBXResourcesBuildPhase section */
		656B6CA820C68D260032EA99 /* Resources */ = {
			isa = PBXResourcesBuildPhase;
			buildActionMask = 2147483647;
			files = (
				656B6CB820C68D280032EA99 /* LaunchScreen.storyboard in Resources */,
				656B6CB520C68D280032EA99 /* Assets.xcassets in Resources */,
				656B6CB320C68D270032EA99 /* Main.storyboard in Resources */,
			);
			runOnlyForDeploymentPostprocessing = 0;
		};
		656B6CBC20C68D280032EA99 /* Resources */ = {
			isa = PBXResourcesBuildPhase;
			buildActionMask = 2147483647;
			files = (
			);
			runOnlyForDeploymentPostprocessing = 0;
		};
/* End PBXResourcesBuildPhase section */

/* Begin PBXShellScriptBuildPhase section */
		0F3F895117CF51568FDA18FB /* [CP] Check Pods Manifest.lock */ = {
			isa = PBXShellScriptBuildPhase;
			buildActionMask = 2147483647;
			files = (
			);
			inputPaths = (
				"${PODS_PODFILE_DIR_PATH}/Podfile.lock",
				"${PODS_ROOT}/Manifest.lock",
			);
			name = "[CP] Check Pods Manifest.lock";
			outputPaths = (
				"$(DERIVED_FILE_DIR)/Pods-socketiOSTests-checkManifestLockResult.txt",
			);
			runOnlyForDeploymentPostprocessing = 0;
			shellPath = /bin/sh;
			shellScript = "diff \"${PODS_PODFILE_DIR_PATH}/Podfile.lock\" \"${PODS_ROOT}/Manifest.lock\" > /dev/null\nif [ $? != 0 ] ; then\n    # print error to STDERR\n    echo \"error: The sandbox is not in sync with the Podfile.lock. Run 'pod install' or update your CocoaPods installation.\" >&2\n    exit 1\nfi\n# This output is used by Xcode 'outputs' to avoid re-running this script phase.\necho \"SUCCESS\" > \"${SCRIPT_OUTPUT_FILE_0}\"\n";
			showEnvVarsInLog = 0;
		};
		188C4CD54D7889FB6E2447FB /* [CP] Embed Pods Frameworks */ = {
			isa = PBXShellScriptBuildPhase;
			buildActionMask = 2147483647;
			files = (
			);
			inputPaths = (
				"${SRCROOT}/Pods/Target Support Files/Pods-socketiOS/Pods-socketiOS-frameworks.sh",
				"${BUILT_PRODUCTS_DIR}/Socket.IO-Client-Swift/SocketIO.framework",
				"${BUILT_PRODUCTS_DIR}/Starscream/Starscream.framework",
			);
			name = "[CP] Embed Pods Frameworks";
			outputPaths = (
				"${TARGET_BUILD_DIR}/${FRAMEWORKS_FOLDER_PATH}/SocketIO.framework",
				"${TARGET_BUILD_DIR}/${FRAMEWORKS_FOLDER_PATH}/Starscream.framework",
			);
			runOnlyForDeploymentPostprocessing = 0;
			shellPath = /bin/sh;
			shellScript = "\"${SRCROOT}/Pods/Target Support Files/Pods-socketiOS/Pods-socketiOS-frameworks.sh\"\n";
			showEnvVarsInLog = 0;
		};
		E475F5F7D5B9A5C95C433AB9 /* [CP] Check Pods Manifest.lock */ = {
			isa = PBXShellScriptBuildPhase;
			buildActionMask = 2147483647;
			files = (
			);
			inputPaths = (
				"${PODS_PODFILE_DIR_PATH}/Podfile.lock",
				"${PODS_ROOT}/Manifest.lock",
			);
			name = "[CP] Check Pods Manifest.lock";
			outputPaths = (
				"$(DERIVED_FILE_DIR)/Pods-socketiOS-checkManifestLockResult.txt",
			);
			runOnlyForDeploymentPostprocessing = 0;
			shellPath = /bin/sh;
			shellScript = "diff \"${PODS_PODFILE_DIR_PATH}/Podfile.lock\" \"${PODS_ROOT}/Manifest.lock\" > /dev/null\nif [ $? != 0 ] ; then\n    # print error to STDERR\n    echo \"error: The sandbox is not in sync with the Podfile.lock. Run 'pod install' or update your CocoaPods installation.\" >&2\n    exit 1\nfi\n# This output is used by Xcode 'outputs' to avoid re-running this script phase.\necho \"SUCCESS\" > \"${SCRIPT_OUTPUT_FILE_0}\"\n";
			showEnvVarsInLog = 0;
		};
/* End PBXShellScriptBuildPhase section */

/* Begin PBXSourcesBuildPhase section */
		656B6CA620C68D260032EA99 /* Sources */ = {
			isa = PBXSourcesBuildPhase;
			buildActionMask = 2147483647;
			files = (
				65797E1C20C7E78C00140414 /* serverCommand.swift in Sources */,
				656B6CB020C68D270032EA99 /* LogInViewController.swift in Sources */,
				656B6CAE20C68D270032EA99 /* AppDelegate.swift in Sources */,
				65797E1E20C7E89100140414 /* messageChat.swift in Sources */,
				656B6CCE20C6901B0032EA99 /* ChatRoomHandler.swift in Sources */,
			);
			runOnlyForDeploymentPostprocessing = 0;
		};
		656B6CBA20C68D280032EA99 /* Sources */ = {
			isa = PBXSourcesBuildPhase;
			buildActionMask = 2147483647;
			files = (
				656B6CC320C68D280032EA99 /* socketiOSTests.swift in Sources */,
			);
			runOnlyForDeploymentPostprocessing = 0;
		};
/* End PBXSourcesBuildPhase section */

/* Begin PBXTargetDependency section */
		656B6CC020C68D280032EA99 /* PBXTargetDependency */ = {
			isa = PBXTargetDependency;
			target = 656B6CA920C68D260032EA99 /* DLSocketSimplyiOS */;
			targetProxy = 656B6CBF20C68D280032EA99 /* PBXContainerItemProxy */;
		};
/* End PBXTargetDependency section */

/* Begin PBXVariantGroup section */
		656B6CB120C68D270032EA99 /* Main.storyboard */ = {
			isa = PBXVariantGroup;
			children = (
				656B6CB220C68D270032EA99 /* Base */,
			);
			name = Main.storyboard;
			sourceTree = "<group>";
		};
		656B6CB620C68D280032EA99 /* LaunchScreen.storyboard */ = {
			isa = PBXVariantGroup;
			children = (
				656B6CB720C68D280032EA99 /* Base */,
			);
			name = LaunchScreen.storyboard;
			sourceTree = "<group>";
		};
/* End PBXVariantGroup section */

/* Begin XCBuildConfiguration section */
		656B6CC520C68D280032EA99 /* Debug */ = {
			isa = XCBuildConfiguration;
			buildSettings = {
				ALWAYS_SEARCH_USER_PATHS = NO;
				CLANG_ANALYZER_NONNULL = YES;
				CLANG_ANALYZER_NUMBER_OBJECT_CONVERSION = YES_AGGRESSIVE;
				CLANG_CXX_LANGUAGE_STANDARD = "gnu++14";
				CLANG_CXX_LIBRARY = "libc++";
				CLANG_ENABLE_MODULES = YES;
				CLANG_ENABLE_OBJC_ARC = YES;
				CLANG_ENABLE_OBJC_WEAK = YES;
				CLANG_WARN_BLOCK_CAPTURE_AUTORELEASING = YES;
				CLANG_WARN_BOOL_CONVERSION = YES;
				CLANG_WARN_COMMA = YES;
				CLANG_WARN_CONSTANT_CONVERSION = YES;
				CLANG_WARN_DEPRECATED_OBJC_IMPLEMENTATIONS = YES;
				CLANG_WARN_DIRECT_OBJC_ISA_USAGE = YES_ERROR;
				CLANG_WARN_DOCUMENTATION_COMMENTS = YES;
				CLANG_WARN_EMPTY_BODY = YES;
				CLANG_WARN_ENUM_CONVERSION = YES;
				CLANG_WARN_INFINITE_RECURSION = YES;
				CLANG_WARN_INT_CONVERSION = YES;
				CLANG_WARN_NON_LITERAL_NULL_CONVERSION = YES;
				CLANG_WARN_OBJC_IMPLICIT_RETAIN_SELF = YES;
				CLANG_WARN_OBJC_LITERAL_CONVERSION = YES;
				CLANG_WARN_OBJC_ROOT_CLASS = YES_ERROR;
				CLANG_WARN_RANGE_LOOP_ANALYSIS = YES;
				CLANG_WARN_STRICT_PROTOTYPES = YES;
				CLANG_WARN_SUSPICIOUS_MOVE = YES;
				CLANG_WARN_UNGUARDED_AVAILABILITY = YES_AGGRESSIVE;
				CLANG_WARN_UNREACHABLE_CODE = YES;
				CLANG_WARN__DUPLICATE_METHOD_MATCH = YES;
				CODE_SIGN_IDENTITY = "iPhone Developer";
				COPY_PHASE_STRIP = NO;
				DEBUG_INFORMATION_FORMAT = dwarf;
				ENABLE_STRICT_OBJC_MSGSEND = YES;
				ENABLE_TESTABILITY = YES;
				GCC_C_LANGUAGE_STANDARD = gnu11;
				GCC_DYNAMIC_NO_PIC = NO;
				GCC_NO_COMMON_BLOCKS = YES;
				GCC_OPTIMIZATION_LEVEL = 0;
				GCC_PREPROCESSOR_DEFINITIONS = (
					"DEBUG=1",
					"$(inherited)",
				);
				GCC_WARN_64_TO_32_BIT_CONVERSION = YES;
				GCC_WARN_ABOUT_RETURN_TYPE = YES_ERROR;
				GCC_WARN_UNDECLARED_SELECTOR = YES;
				GCC_WARN_UNINITIALIZED_AUTOS = YES_AGGRESSIVE;
				GCC_WARN_UNUSED_FUNCTION = YES;
				GCC_WARN_UNUSED_VARIABLE = YES;
				IPHONEOS_DEPLOYMENT_TARGET = 11.4;
				MTL_ENABLE_DEBUG_INFO = YES;
				ONLY_ACTIVE_ARCH = YES;
				SDKROOT = iphoneos;
				SWIFT_ACTIVE_COMPILATION_CONDITIONS = DEBUG;
				SWIFT_OPTIMIZATION_LEVEL = "-Onone";
			};
			name = Debug;
		};
		656B6CC620C68D280032EA99 /* Release */ = {
			isa = XCBuildConfiguration;
			buildSettings = {
				ALWAYS_SEARCH_USER_PATHS = NO;
				CLANG_ANALYZER_NONNULL = YES;
				CLANG_ANALYZER_NUMBER_OBJECT_CONVERSION = YES_AGGRESSIVE;
				CLANG_CXX_LANGUAGE_STANDARD = "gnu++14";
				CLANG_CXX_LIBRARY = "libc++";
				CLANG_ENABLE_MODULES = YES;
				CLANG_ENABLE_OBJC_ARC = YES;
				CLANG_ENABLE_OBJC_WEAK = YES;
				CLANG_WARN_BLOCK_CAPTURE_AUTORELEASING = YES;
				CLANG_WARN_BOOL_CONVERSION = YES;
				CLANG_WARN_COMMA = YES;
				CLANG_WARN_CONSTANT_CONVERSION = YES;
				CLANG_WARN_DEPRECATED_OBJC_IMPLEMENTATIONS = YES;
				CLANG_WARN_DIRECT_OBJC_ISA_USAGE = YES_ERROR;
				CLANG_WARN_DOCUMENTATION_COMMENTS = YES;
				CLANG_WARN_EMPTY_BODY = YES;
				CLANG_WARN_ENUM_CONVERSION = YES;
				CLANG_WARN_INFINITE_RECURSION = YES;
				CLANG_WARN_INT_CONVERSION = YES;
				CLANG_WARN_NON_LITERAL_NULL_CONVERSION = YES;
				CLANG_WARN_OBJC_IMPLICIT_RETAIN_SELF = YES;
				CLANG_WARN_OBJC_LITERAL_CONVERSION = YES;
				CLANG_WARN_OBJC_ROOT_CLASS = YES_ERROR;
				CLANG_WARN_RANGE_LOOP_ANALYSIS = YES;
				CLANG_WARN_STRICT_PROTOTYPES = YES;
				CLANG_WARN_SUSPICIOUS_MOVE = YES;
				CLANG_WARN_UNGUARDED_AVAILABILITY = YES_AGGRESSIVE;
				CLANG_WARN_UNREACHABLE_CODE = YES;
				CLANG_WARN__DUPLICATE_METHOD_MATCH = YES;
				CODE_SIGN_IDENTITY = "iPhone Developer";
				COPY_PHASE_STRIP = NO;
				DEBUG_INFORMATION_FORMAT = "dwarf-with-dsym";
				ENABLE_NS_ASSERTIONS = NO;
				ENABLE_STRICT_OBJC_MSGSEND = YES;
				GCC_C_LANGUAGE_STANDARD = gnu11;
				GCC_NO_COMMON_BLOCKS = YES;
				GCC_WARN_64_TO_32_BIT_CONVERSION = YES;
				GCC_WARN_ABOUT_RETURN_TYPE = YES_ERROR;
				GCC_WARN_UNDECLARED_SELECTOR = YES;
				GCC_WARN_UNINITIALIZED_AUTOS = YES_AGGRESSIVE;
				GCC_WARN_UNUSED_FUNCTION = YES;
				GCC_WARN_UNUSED_VARIABLE = YES;
				IPHONEOS_DEPLOYMENT_TARGET = 11.4;
				MTL_ENABLE_DEBUG_INFO = NO;
				SDKROOT = iphoneos;
				SWIFT_COMPILATION_MODE = wholemodule;
				SWIFT_OPTIMIZATION_LEVEL = "-O";
				VALIDATE_PRODUCT = YES;
			};
			name = Release;
		};
		656B6CC820C68D280032EA99 /* Debug */ = {
			isa = XCBuildConfiguration;
			baseConfigurationReference = CA063B7E5FF833B381274CFE /* Pods-socketiOS.debug.xcconfig */;
			buildSettings = {
				ASSETCATALOG_COMPILER_APPICON_NAME = AppIcon;
				CODE_SIGN_STYLE = Automatic;
				DEVELOPMENT_TEAM = "";
				INFOPLIST_FILE = socketiOS/Info.plist;
				LD_RUNPATH_SEARCH_PATHS = (
					"$(inherited)",
					"@executable_path/Frameworks",
				);
				PRODUCT_BUNDLE_IDENTIFIER = com.lahoz.socketiOS;
				PRODUCT_NAME = "$(TARGET_NAME)";
				SWIFT_VERSION = 4.0;
				TARGETED_DEVICE_FAMILY = "1,2";
			};
			name = Debug;
		};
		656B6CC920C68D280032EA99 /* Release */ = {
			isa = XCBuildConfiguration;
			baseConfigurationReference = 52BF671251695EDFC70F814F /* Pods-socketiOS.release.xcconfig */;
			buildSettings = {
				ASSETCATALOG_COMPILER_APPICON_NAME = AppIcon;
				CODE_SIGN_STYLE = Automatic;
				DEVELOPMENT_TEAM = "";
				INFOPLIST_FILE = socketiOS/Info.plist;
				LD_RUNPATH_SEARCH_PATHS = (
					"$(inherited)",
					"@executable_path/Frameworks",
				);
				PRODUCT_BUNDLE_IDENTIFIER = com.lahoz.socketiOS;
				PRODUCT_NAME = "$(TARGET_NAME)";
				SWIFT_VERSION = 4.0;
				TARGETED_DEVICE_FAMILY = "1,2";
			};
			name = Release;
		};
		656B6CCB20C68D280032EA99 /* Debug */ = {
			isa = XCBuildConfiguration;
			baseConfigurationReference = 881A6E96987FE2F458FFA4F1 /* Pods-socketiOSTests.debug.xcconfig */;
			buildSettings = {
				ALWAYS_EMBED_SWIFT_STANDARD_LIBRARIES = YES;
				BUNDLE_LOADER = "$(TEST_HOST)";
				CODE_SIGN_STYLE = Automatic;
				DEVELOPMENT_TEAM = C6V83S3ZJD;
				INFOPLIST_FILE = socketiOSTests/Info.plist;
				LD_RUNPATH_SEARCH_PATHS = (
					"$(inherited)",
					"@executable_path/Frameworks",
					"@loader_path/Frameworks",
				);
				PRODUCT_BUNDLE_IDENTIFIER = com.lahoz.socketiOSTests;
				PRODUCT_NAME = "$(TARGET_NAME)";
				SWIFT_VERSION = 4.0;
				TARGETED_DEVICE_FAMILY = "1,2";
				TEST_HOST = "$(BUILT_PRODUCTS_DIR)/DLSocketSimplyiOS.app/DLSocketSimplyiOS";
			};
			name = Debug;
		};
		656B6CCC20C68D280032EA99 /* Release */ = {
			isa = XCBuildConfiguration;
			baseConfigurationReference = C48A6B008C88C7A98562C536 /* Pods-socketiOSTests.release.xcconfig */;
			buildSettings = {
				ALWAYS_EMBED_SWIFT_STANDARD_LIBRARIES = YES;
				BUNDLE_LOADER = "$(TEST_HOST)";
				CODE_SIGN_STYLE = Automatic;
				DEVELOPMENT_TEAM = C6V83S3ZJD;
				INFOPLIST_FILE = socketiOSTests/Info.plist;
				LD_RUNPATH_SEARCH_PATHS = (
					"$(inherited)",
					"@executable_path/Frameworks",
					"@loader_path/Frameworks",
				);
				PRODUCT_BUNDLE_IDENTIFIER = com.lahoz.socketiOSTests;
				PRODUCT_NAME = "$(TARGET_NAME)";
				SWIFT_VERSION = 4.0;
				TARGETED_DEVICE_FAMILY = "1,2";
				TEST_HOST = "$(BUILT_PRODUCTS_DIR)/DLSocketSimplyiOS.app/DLSocketSimplyiOS";
			};
			name = Release;
		};
/* End XCBuildConfiguration section */

/* Begin XCConfigurationList section */
		656B6CA520C68D260032EA99 /* Build configuration list for PBXProject "DLSocketSimplyiOS" */ = {
			isa = XCConfigurationList;
			buildConfigurations = (
				656B6CC520C68D280032EA99 /* Debug */,
				656B6CC620C68D280032EA99 /* Release */,
			);
			defaultConfigurationIsVisible = 0;
			defaultConfigurationName = Release;
		};
		656B6CC720C68D280032EA99 /* Build configuration list for PBXNativeTarget "DLSocketSimplyiOS" */ = {
			isa = XCConfigurationList;
			buildConfigurations = (
				656B6CC820C68D280032EA99 /* Debug */,
				656B6CC920C68D280032EA99 /* Release */,
			);
			defaultConfigurationIsVisible = 0;
			defaultConfigurationName = Release;
		};
		656B6CCA20C68D280032EA99 /* Build configuration list for PBXNativeTarget "DLSocketSimplyiOSTests" */ = {
			isa = XCConfigurationList;
			buildConfigurations = (
				656B6CCB20C68D280032EA99 /* Debug */,
				656B6CCC20C68D280032EA99 /* Release */,
			);
			defaultConfigurationIsVisible = 0;
			defaultConfigurationName = Release;
		};
/* End XCConfigurationList section */
	};
	rootObject = 656B6CA220C68D260032EA99 /* Project object */;
}
